// !$*UTF8*$!
{
	archiveVersion = 1;
	classes = {
	};
	objectVersion = 46;
	objects = {

/* Begin PBXBuildFile section */
		15F35B331B254679002D57A6 /* main.m in Sources */ = {isa = PBXBuildFile; fileRef = 15F35B321B254679002D57A6 /* main.m */; };
		15F35B361B254679002D57A6 /* AppDelegate.m in Sources */ = {isa = PBXBuildFile; fileRef = 15F35B351B254679002D57A6 /* AppDelegate.m */; };
		15F35B391B254679002D57A6 /* ViewController.m in Sources */ = {isa = PBXBuildFile; fileRef = 15F35B381B254679002D57A6 /* ViewController.m */; };
		15F35B3C1B254679002D57A6 /* Main.storyboard in Resources */ = {isa = PBXBuildFile; fileRef = 15F35B3A1B254679002D57A6 /* Main.storyboard */; };
		15F35B3E1B254679002D57A6 /* Images.xcassets in Resources */ = {isa = PBXBuildFile; fileRef = 15F35B3D1B254679002D57A6 /* Images.xcassets */; };
		15F35B411B254679002D57A6 /* LaunchScreen.xib in Resources */ = {isa = PBXBuildFile; fileRef = 15F35B3F1B254679002D57A6 /* LaunchScreen.xib */; };
		15F35B4D1B254679002D57A6 /* gitTestTests.m in Sources */ = {isa = PBXBuildFile; fileRef = 15F35B4C1B254679002D57A6 /* gitTestTests.m */; };
/* End PBXBuildFile section */

/* Begin PBXContainerItemProxy section */
		15F35B471B254679002D57A6 /* PBXContainerItemProxy */ = {
			isa = PBXContainerItemProxy;
			containerPortal = 15F35B251B254678002D57A6 /* Project object */;
			proxyType = 1;
			remoteGlobalIDString = 15F35B2C1B254679002D57A6;
			remoteInfo = gitTest;
		};
/* End PBXContainerItemProxy section */

/* Begin PBXFileReference section */
		15F35B2D1B254679002D57A6 /* gitTest.app */ = {isa = PBXFileReference; explicitFileType = wrapper.application; includeInIndex = 0; path = gitTest.app; sourceTree = BUILT_PRODUCTS_DIR; };
		15F35B311B254679002D57A6 /* Info.plist */ = {isa = PBXFileReference; lastKnownFileType = text.plist.xml; path = Info.plist; sourceTree = "<group>"; };
		15F35B321B254679002D57A6 /* main.m */ = {isa = PBXFileReference; lastKnownFileType = sourcecode.c.objc; path = main.m; sourceTree = "<group>"; };
		15F35B341B254679002D57A6 /* AppDelegate.h */ = {isa = PBXFileReference; lastKnownFileType = sourcecode.c.h; path = AppDelegate.h; sourceTree = "<group>"; };
		15F35B351B254679002D57A6 /* AppDelegate.m */ = {isa = PBXFileReference; lastKnownFileType = sourcecode.c.objc; path = AppDelegate.m; sourceTree = "<group>"; };
		15F35B371B254679002D57A6 /* ViewController.h */ = {isa = PBXFileReference; lastKnownFileType = sourcecode.c.h; path = ViewController.h; sourceTree = "<group>"; };
		15F35B381B254679002D57A6 /* ViewController.m */ = {isa = PBXFileReference; lastKnownFileType = sourcecode.c.objc; path = ViewController.m; sourceTree = "<group>"; };
		15F35B3B1B254679002D57A6 /* Base */ = {isa = PBXFileReference; lastKnownFileType = file.storyboard; name = Base; path = Base.lproj/Main.storyboard; sourceTree = "<group>"; };
		15F35B3D1B254679002D57A6 /* Images.xcassets */ = {isa = PBXFileReference; lastKnownFileType = folder.assetcatalog; path = Images.xcassets; sourceTree = "<group>"; };
		15F35B401B254679002D57A6 /* Base */ = {isa = PBXFileReference; lastKnownFileType = file.xib; name = Base; path = Base.lproj/LaunchScreen.xib; sourceTree = "<group>"; };
		15F35B461B254679002D57A6 /* gitTestTests.xctest */ = {isa = PBXFileReference; explicitFileType = wrapper.cfbundle; includeInIndex = 0; path = gitTestTests.xctest; sourceTree = BUILT_PRODUCTS_DIR; };
		15F35B4B1B254679002D57A6 /* Info.plist */ = {isa = PBXFileReference; lastKnownFileType = text.plist.xml; path = Info.plist; sourceTree = "<group>"; };
		15F35B4C1B254679002D57A6 /* gitTestTests.m */ = {isa = PBXFileReference; lastKnownFileType = sourcecode.c.objc; path = gitTestTests.m; sourceTree = "<group>"; };
/* End PBXFileReference section */

/* Begin PBXFrameworksBuildPhase section */
		15F35B2A1B254679002D57A6 /* Frameworks */ = {
			isa = PBXFrameworksBuildPhase;
			buildActionMask = 2147483647;
			files = (
			);
			runOnlyForDeploymentPostprocessing = 0;
		};
		15F35B431B254679002D57A6 /* Frameworks */ = {
			isa = PBXFrameworksBuildPhase;
			buildActionMask = 2147483647;
			files = (
			);
			runOnlyForDeploymentPostprocessing = 0;
		};
/* End PBXFrameworksBuildPhase section */

/* Begin PBXGroup section */
		15F35B241B254678002D57A6 = {
			isa = PBXGroup;
			children = (
				15F35B2F1B254679002D57A6 /* gitTest */,
				15F35B491B254679002D57A6 /* gitTestTests */,
				15F35B2E1B254679002D57A6 /* Products */,
			);
			sourceTree = "<group>";
		};
		15F35B2E1B254679002D57A6 /* Products */ = {
			isa = PBXGroup;
			children = (
				15F35B2D1B254679002D57A6 /* gitTest.app */,
				15F35B461B254679002D57A6 /* gitTestTests.xctest */,
			);
			name = Products;
			sourceTree = "<group>";
		};
		15F35B2F1B254679002D57A6 /* gitTest */ = {
			isa = PBXGroup;
			children = (
				15F35B341B254679002D57A6 /* AppDelegate.h */,
				15F35B351B254679002D57A6 /* AppDelegate.m */,
				15F35B371B254679002D57A6 /* ViewController.h */,
				15F35B381B254679002D57A6 /* ViewController.m */,
				15F35B3A1B254679002D57A6 /* Main.storyboard */,
				15F35B3D1B254679002D57A6 /* Images.xcassets */,
				15F35B3F1B254679002D57A6 /* LaunchScreen.xib */,
				15F35B301B254679002D57A6 /* Supporting Files */,
			);
			path = gitTest;
			sourceTree = "<group>";
		};
		15F35B301B254679002D57A6 /* Supporting Files */ = {
			isa = PBXGroup;
			children = (
				15F35B311B254679002D57A6 /* Info.plist */,
				15F35B321B254679002D57A6 /* main.m */,
			);
			name = "Supporting Files";
			sourceTree = "<group>";
		};
		15F35B491B254679002D57A6 /* gitTestTests */ = {
			isa = PBXGroup;
			children = (
				15F35B4C1B254679002D57A6 /* gitTestTests.m */,
				15F35B4A1B254679002D57A6 /* Supporting Files */,
			);
			path = gitTestTests;
			sourceTree = "<group>";
		};
		15F35B4A1B254679002D57A6 /* Supporting Files */ = {
			isa = PBXGroup;
			children = (
				15F35B4B1B254679002D57A6 /* Info.plist */,
			);
			name = "Supporting Files";
			sourceTree = "<group>";
		};
/* End PBXGroup section */

/* Begin PBXNativeTarget section */
		15F35B2C1B254679002D57A6 /* gitTest */ = {
			isa = PBXNativeTarget;
			buildConfigurationList = 15F35B501B254679002D57A6 /* Build configuration list for PBXNativeTarget "gitTest" */;
			buildPhases = (
				15F35B291B254679002D57A6 /* Sources */,
				15F35B2A1B254679002D57A6 /* Frameworks */,
				15F35B2B1B254679002D57A6 /* Resources */,
			);
			buildRules = (
			);
			dependencies = (
			);
			name = gitTest;
			productName = gitTest;
			productReference = 15F35B2D1B254679002D57A6 /* gitTest.app */;
			productType = "com.apple.product-type.application";
		};
		15F35B451B254679002D57A6 /* gitTestTests */ = {
			isa = PBXNativeTarget;
			buildConfigurationList = 15F35B531B254679002D57A6 /* Build configuration list for PBXNativeTarget "gitTestTests" */;
			buildPhases = (
				15F35B421B254679002D57A6 /* Sources */,
				15F35B431B254679002D57A6 /* Frameworks */,
				15F35B441B254679002D57A6 /* Resources */,
			);
			buildRules = (
			);
			dependencies = (
				15F35B481B254679002D57A6 /* PBXTargetDependency */,
			);
			name = gitTestTests;
			productName = gitTestTests;
			productReference = 15F35B461B254679002D57A6 /* gitTestTests.xctest */;
			productType = "com.apple.product-type.bundle.unit-test";
		};
/* End PBXNativeTarget section */

/* Begin PBXProject section */
		15F35B251B254678002D57A6 /* Project object */ = {
			isa = PBXProject;
			attributes = {
				LastUpgradeCheck = 0630;
				ORGANIZATIONNAME = Product;
				TargetAttributes = {
					15F35B2C1B254679002D57A6 = {
						CreatedOnToolsVersion = 6.3.1;
					};
					15F35B451B254679002D57A6 = {
						CreatedOnToolsVersion = 6.3.1;
						TestTargetID = 15F35B2C1B254679002D57A6;
					};
				};
			};
			buildConfigurationList = 15F35B281B254678002D57A6 /* Build configuration list for PBXProject "gitTest" */;
			compatibilityVersion = "Xcode 3.2";
			developmentRegion = English;
			hasScannedForEncodings = 0;
			knownRegions = (
				en,
				Base,
			);
			mainGroup = 15F35B241B254678002D57A6;
			productRefGroup = 15F35B2E1B254679002D57A6 /* Products */;
			projectDirPath = "";
			projectRoot = "";
			targets = (
				15F35B2C1B254679002D57A6 /* gitTest */,
				15F35B451B254679002D57A6 /* gitTestTests */,
			);
		};
/* End PBXProject section */

/* Begin PBXResourcesBuildPhase section */
		15F35B2B1B254679002D57A6 /* Resources */ = {
			isa = PBXResourcesBuildPhase;
			buildActionMask = 2147483647;
			files = (
				15F35B3C1B254679002D57A6 /* Main.storyboard in Resources */,
				15F35B411B254679002D57A6 /* LaunchScreen.xib in Resources */,
				15F35B3E1B254679002D57A6 /* Images.xcassets in Resources */,
			);
			runOnlyForDeploymentPostprocessing = 0;
		};
		15F35B441B254679002D57A6 /* Resources */ = {
			isa = PBXResourcesBuildPhase;
			buildActionMask = 2147483647;
			files = (
			);
			runOnlyForDeploymentPostprocessing = 0;
		};
/* End PBXResourcesBuildPhase section */

/* Begin PBXSourcesBuildPhase section */
		15F35B291B254679002D57A6 /* Sources */ = {
			isa = PBXSourcesBuildPhase;
			buildActionMask = 2147483647;
			files = (
				15F35B391B254679002D57A6 /* ViewController.m in Sources */,
				15F35B361B254679002D57A6 /* AppDelegate.m in Sources */,
				15F35B331B254679002D57A6 /* main.m in Sources */,
			);
			runOnlyForDeploymentPostprocessing = 0;
		};
		15F35B421B254679002D57A6 /* Sources */ = {
			isa = PBXSourcesBuildPhase;
			buildActionMask = 2147483647;
			files = (
				15F35B4D1B254679002D57A6 /* gitTestTests.m in Sources */,
			);
			runOnlyForDeploymentPostprocessing = 0;
		};
/* End PBXSourcesBuildPhase section */

/* Begin PBXTargetDependency section */
		15F35B481B254679002D57A6 /* PBXTargetDependency */ = {
			isa = PBXTargetDependency;
			target = 15F35B2C1B254679002D57A6 /* gitTest */;
			targetProxy = 15F35B471B254679002D57A6 /* PBXContainerItemProxy */;
		};
/* End PBXTargetDependency section */

/* Begin PBXVariantGroup section */
		15F35B3A1B254679002D57A6 /* Main.storyboard */ = {
			isa = PBXVariantGroup;
			children = (
				15F35B3B1B254679002D57A6 /* Base */,
			);
			name = Main.storyboard;
			sourceTree = "<group>";
		};
		15F35B3F1B254679002D57A6 /* LaunchScreen.xib */ = {
			isa = PBXVariantGroup;
			children = (
				15F35B401B254679002D57A6 /* Base */,
			);
			name = LaunchScreen.xib;
			sourceTree = "<group>";
		};
/* End PBXVariantGroup section */

/* Begin XCBuildConfiguration section */
		15F35B4E1B254679002D57A6 /* Debug */ = {
			isa = XCBuildConfiguration;
			buildSettings = {
				ALWAYS_SEARCH_USER_PATHS = NO;
				CLANG_CXX_LANGUAGE_STANDARD = "gnu++0x";
				CLANG_CXX_LIBRARY = "libc++";
				CLANG_ENABLE_MODULES = YES;
				CLANG_ENABLE_OBJC_ARC = YES;
				CLANG_WARN_BOOL_CONVERSION = YES;
				CLANG_WARN_CONSTANT_CONVERSION = YES;
				CLANG_WARN_DIRECT_OBJC_ISA_USAGE = YES_ERROR;
				CLANG_WARN_EMPTY_BODY = YES;
				CLANG_WARN_ENUM_CONVERSION = YES;
				CLANG_WARN_INT_CONVERSION = YES;
				CLANG_WARN_OBJC_ROOT_CLASS = YES_ERROR;
				CLANG_WARN_UNREACHABLE_CODE = YES;
				CLANG_WARN__DUPLICATE_METHOD_MATCH = YES;
				"CODE_SIGN_IDENTITY[sdk=iphoneos*]" = "iPhone Developer";
				COPY_PHASE_STRIP = NO;
				DEBUG_INFORMATION_FORMAT = "dwarf-with-dsym";
				ENABLE_STRICT_OBJC_MSGSEND = YES;
				GCC_C_LANGUAGE_STANDARD = gnu99;
				GCC_DYNAMIC_NO_PIC = NO;
				GCC_NO_COMMON_BLOCKS = YES;
				GCC_OPTIMIZATION_LEVEL = 0;
				GCC_PREPROCESSOR_DEFINITIONS = (
					"DEBUG=1",
					"$(inherited)",
				);
				GCC_SYMBOLS_PRIVATE_EXTERN = NO;
				GCC_WARN_64_TO_32_BIT_CONVERSION = YES;
				GCC_WARN_ABOUT_RETURN_TYPE = YES_ERROR;
				GCC_WARN_UNDECLARED_SELECTOR = YES;
				GCC_WARN_UNINITIALIZED_AUTOS = YES_AGGRESSIVE;
				GCC_WARN_UNUSED_FUNCTION = YES;
				GCC_WARN_UNUSED_VARIABLE = YES;
				IPHONEOS_DEPLOYMENT_TARGET = 8.3;
				MTL_ENABLE_DEBUG_INFO = YES;
				ONLY_ACTIVE_ARCH = YES;
				SDKROOT = iphoneos;
				TARGETED_DEVICE_FAMILY = "1,2";
			};
			name = Debug;
		};
		15F35B4F1B254679002D57A6 /* Release */ = {
			isa = XCBuildConfiguration;
			buildSettings = {
				ALWAYS_SEARCH_USER_PATHS = NO;
				CLANG_CXX_LANGUAGE_STANDARD = "gnu++0x";
				CLANG_CXX_LIBRARY = "libc++";
				CLANG_ENABLE_MODULES = YES;
				CLANG_ENABLE_OBJC_ARC = YES;
				CLANG_WARN_BOOL_CONVERSION = YES;
				CLANG_WARN_CONSTANT_CONVERSION = YES;
				CLANG_WARN_DIRECT_OBJC_ISA_USAGE = YES_ERROR;
				CLANG_WARN_EMPTY_BODY = YES;
				CLANG_WARN_ENUM_CONVERSION = YES;
				CLANG_WARN_INT_CONVERSION = YES;
				CLANG_WARN_OBJC_ROOT_CLASS = YES_ERROR;
				CLANG_WARN_UNREACHABLE_CODE = YES;
				CLANG_WARN__DUPLICATE_METHOD_MATCH = YES;
				"CODE_SIGN_IDENTITY[sdk=iphoneos*]" = "iPhone Developer";
				COPY_PHASE_STRIP = NO;
				DEBUG_INFORMATION_FORMAT = "dwarf-with-dsym";
				ENABLE_NS_ASSERTIONS = NO;
				ENABLE_STRICT_OBJC_MSGSEND = YES;
				GCC_C_LANGUAGE_STANDARD = gnu99;
				GCC_NO_COMMON_BLOCKS = YES;
				GCC_WARN_64_TO_32_BIT_CONVERSION = YES;
				GCC_WARN_ABOUT_RETURN_TYPE = YES_ERROR;
				GCC_WARN_UNDECLARED_SELECTOR = YES;
				GCC_WARN_UNINITIALIZED_AUTOS = YES_AGGRESSIVE;
				GCC_WARN_UNUSED_FUNCTION = YES;
				GCC_WARN_UNUSED_VARIABLE = YES;
				IPHONEOS_DEPLOYMENT_TARGET = 8.3;
				MTL_ENABLE_DEBUG_INFO = NO;
				SDKROOT = iphoneos;
				TARGETED_DEVICE_FAMILY = "1,2";
				VALIDATE_PRODUCT = YES;
			};
			name = Release;
		};
		15F35B511B254679002D57A6 /* Debug */ = {
			isa = XCBuildConfiguration;
			buildSettings = {
				ASSETCATALOG_COMPILER_APPICON_NAME = AppIcon;
				INFOPLIST_FILE = gitTest/Info.plist;
				LD_RUNPATH_SEARCH_PATHS = "$(inherited) @executable_path/Frameworks";
				PRODUCT_NAME = "$(TARGET_NAME)";
			};
			name = Debug;
		};
		15F35B521B254679002D57A6 /* Release */ = {
			isa = XCBuildConfiguration;
			buildSettings = {
				ASSETCATALOG_COMPILER_APPICON_NAME = AppIcon;
				INFOPLIST_FILE = gitTest/Info.plist;
				LD_RUNPATH_SEARCH_PATHS = "$(inherited) @executable_path/Frameworks";
				PRODUCT_NAME = "$(TARGET_NAME)";
			};
			name = Release;
		};
		15F35B541B254679002D57A6 /* Debug */ = {
			isa = XCBuildConfiguration;
			buildSettings = {
				BUNDLE_LOADER = "$(TEST_HOST)";
				FRAMEWORK_SEARCH_PATHS = (
					"$(SDKROOT)/Developer/Library/Frameworks",
					"$(inherited)",
				);
				GCC_PREPROCESSOR_DEFINITIONS = (
					"DEBUG=1",
					"$(inherited)",
				);
				INFOPLIST_FILE = gitTestTests/Info.plist;
				LD_RUNPATH_SEARCH_PATHS = "$(inherited) @executable_path/Frameworks @loader_path/Frameworks";
				PRODUCT_NAME = "$(TARGET_NAME)";
				TEST_HOST = "$(BUILT_PRODUCTS_DIR)/gitTest.app/gitTest";
			};
			name = Debug;
		};
		15F35B551B254679002D57A6 /* Release */ = {
			isa = XCBuildConfiguration;
			buildSettings = {
				BUNDLE_LOADER = "$(TEST_HOST)";
				FRAMEWORK_SEARCH_PATHS = (
					"$(SDKROOT)/Developer/Library/Frameworks",
					"$(inherited)",
				);
				INFOPLIST_FILE = gitTestTests/Info.plist;
				LD_RUNPATH_SEARCH_PATHS = "$(inherited) @executable_path/Frameworks @loader_path/Frameworks";
				PRODUCT_NAME = "$(TARGET_NAME)";
				TEST_HOST = "$(BUILT_PRODUCTS_DIR)/gitTest.app/gitTest";
			};
			name = Release;
		};
/* End XCBuildConfiguration section */

/* Begin XCConfigurationList section */
		15F35B281B254678002D57A6 /* Build configuration list for PBXProject "gitTest" */ = {
			isa = XCConfigurationList;
			buildConfigurations = (
				15F35B4E1B254679002D57A6 /* Debug */,
				15F35B4F1B254679002D57A6 /* Release */,
			);
			defaultConfigurationIsVisible = 0;
			defaultConfigurationName = Release;
		};
		15F35B501B254679002D57A6 /* Build configuration list for PBXNativeTarget "gitTest" */ = {
			isa = XCConfigurationList;
			buildConfigurations = (
				15F35B511B254679002D57A6 /* Debug */,
				15F35B521B254679002D57A6 /* Release */,
			);
			defaultConfigurationIsVisible = 0;
		};
		15F35B531B254679002D57A6 /* Build configuration list for PBXNativeTarget "gitTestTests" */ = {
			isa = XCConfigurationList;
			buildConfigurations = (
				15F35B541B254679002D57A6 /* Debug */,
				15F35B551B254679002D57A6 /* Release */,
			);
			defaultConfigurationIsVisible = 0;
		};
/* End XCConfigurationList section */
	};
	rootObject = 15F35B251B254678002D57A6 /* Project object */;
}
